
Microsoft Visual Studio Solution File, Format Version 12.00
# Visual Studio 15
VisualStudioVersion = 15.0.26404.1
MinimumVisualStudioVersion = 10.0.40219.1
Project("{9A19103F-16F7-4668-BE54-9A1E7A4F7556}") = "Web", "Web\Web.csproj", "{2E6C3015-3EA2-4083-BF81-3564D4FD708B}"
EndProject
Project("{9A19103F-16F7-4668-BE54-9A1E7A4F7556}") = "Api", "Api\Api.csproj", "{FB1990EF-1BA2-4050-BC3F-E64E914F07A5}"
EndProject
Project("{E53339B2-1760-4266-BCC7-CA923CBCF16C}") = "docker-compose", "docker-compose.dcproj", "{21554717-5C16-4DFE-B319-F9363081EC8D}"
EndProject
Global
	GlobalSection(SolutionConfigurationPlatforms) = preSolution
		Debug|Any CPU = Debug|Any CPU
		Release|Any CPU = Release|Any CPU
	EndGlobalSection
	GlobalSection(ProjectConfigurationPlatforms) = postSolution
		{2E6C3015-3EA2-4083-BF81-3564D4FD708B}.Debug|Any CPU.ActiveCfg = Debug|Any CPU
		{2E6C3015-3EA2-4083-BF81-3564D4FD708B}.Debug|Any CPU.Build.0 = Debug|Any CPU
		{2E6C3015-3EA2-4083-BF81-3564D4FD708B}.Release|Any CPU.ActiveCfg = Release|Any CPU
		{2E6C3015-3EA2-4083-BF81-3564D4FD708B}.Release|Any CPU.Build.0 = Release|Any CPU
		{FB1990EF-1BA2-4050-BC3F-E64E914F07A5}.Debug|Any CPU.ActiveCfg = Debug|Any CPU
		{FB1990EF-1BA2-4050-BC3F-E64E914F07A5}.Debug|Any CPU.Build.0 = Debug|Any CPU
		{FB1990EF-1BA2-4050-BC3F-E64E914F07A5}.Release|Any CPU.ActiveCfg = Release|Any CPU
		{FB1990EF-1BA2-4050-BC3F-E64E914F07A5}.Release|Any CPU.Build.0 = Release|Any CPU
		{21554717-5C16-4DFE-B319-F9363081EC8D}.Debug|Any CPU.ActiveCfg = Debug|Any CPU
		{21554717-5C16-4DFE-B319-F9363081EC8D}.Debug|Any CPU.Build.0 = Debug|Any CPU
		{21554717-5C16-4DFE-B319-F9363081EC8D}.Release|Any CPU.ActiveCfg = Release|Any CPU
		{21554717-5C16-4DFE-B319-F9363081EC8D}.Release|Any CPU.Build.0 = Release|Any CPU
	EndGlobalSection
	GlobalSection(SolutionProperties) = preSolution
		HideSolutionNode = FALSE
	EndGlobalSection
EndGlobal
